<?xml version="1.0" encoding="utf-8"?>
<Project ToolsVersion="4.0" xmlns="http://schemas.microsoft.com/developer/msbuild/2003">
  <ItemGroup>
    <Filter Include="Kaneda">
      <UniqueIdentifier>{6941EBBD-55E3-1594-3E9E-29E82ADF9CE4}</UniqueIdentifier>
    </Filter>
  </ItemGroup>
  <ItemGroup>
    <ClInclude Include="src\Kaneda.h" />
    <ClInclude Include="src\Kaneda\Application.h">
      <Filter>Kaneda</Filter>
    </ClInclude>
    <ClInclude Include="src\Kaneda\Core.h">
      <Filter>Kaneda</Filter>
    </ClInclude>
    <ClInclude Include="src\Kaneda\EntryPoint.h">
      <Filter>Kaneda</Filter>
    </ClInclude>
    <ClInclude Include="src\Kaneda\Log.h">
      <Filter>Kaneda</Filter>
    </ClInclude>
    <ClInclude Include="src\Kaneda\Events\ApplicationEvent.h" />
    <ClInclude Include="src\Kaneda\Events\KeyEvent.h" />
    <ClInclude Include="src\Kaneda\Events\MouseEvent.h" />
    <ClInclude Include="src\Kaneda\Events\Event.h" />
    <ClInclude Include="src\Kaneda\Core\KeyCodes.h" />
    <ClInclude Include="src\Kaneda\Core\MouseCodes.h" />
  </ItemGroup>
  <ItemGroup>
    <ClCompile Include="src\Kaneda\Application.cpp">
      <Filter>Kaneda</Filter>
    </ClCompile>
    <ClCompile Include="src\Kaneda\Log.cpp">
      <Filter>Kaneda</Filter>
    </ClCompile>
  </ItemGroup>
</Project>